
Microsoft Visual Studio Solution File, Format Version 12.00
# Visual Studio Version 17
VisualStudioVersion = 17.0.31903.59
MinimumVisualStudioVersion = 10.0.40219.1
Project("{FAE04EC0-301F-11D3-BF4B-00C04F79EFBC}") = "CRM.Core", "CRM.Core\CRM.Core.csproj", "{09161C51-681E-47EF-A406-1121C3C31938}"
EndProject
Project("{FAE04EC0-301F-11D3-BF4B-00C04F79EFBC}") = "CRM.Data", "CRM.Data\CRM.Data.csproj", "{9D7543C8-6058-4983-9254-4F65C1114439}"
EndProject
Project("{FAE04EC0-301F-11D3-BF4B-00C04F79EFBC}") = "CRM.Abstractions", "CRM.Abstractions\CRM.Abstractions.csproj", "{BEA677A7-1BAE-4C18-B36F-A5274B9ED87B}"
EndProject
Project("{FAE04EC0-301F-11D3-BF4B-00C04F79EFBC}") = "CRM.Business", "CRM.Business\CRM.Business.csproj", "{61B4207C-AD9D-49D5-B77D-032C1563D2DB}"
EndProject
Project("{FAE04EC0-301F-11D3-BF4B-00C04F79EFBC}") = "CRM.Application", "CRM.Application\CRM.Application.csproj", "{C76E89CE-7A98-4628-AC71-69A3733143A1}"
EndProject
Project("{FAE04EC0-301F-11D3-BF4B-00C04F79EFBC}") = "CRM.API", "CRM.API\CRM.API.csproj", "{D33F823A-2B66-472C-92F0-06B1C8115B45}"
EndProject
Global
	GlobalSection(SolutionConfigurationPlatforms) = preSolution
		Debug|Any CPU = Debug|Any CPU
		Release|Any CPU = Release|Any CPU
	EndGlobalSection
	GlobalSection(ProjectConfigurationPlatforms) = postSolution
		{09161C51-681E-47EF-A406-1121C3C31938}.Debug|Any CPU.ActiveCfg = Debug|Any CPU
		{09161C51-681E-47EF-A406-1121C3C31938}.Debug|Any CPU.Build.0 = Debug|Any CPU
		{09161C51-681E-47EF-A406-1121C3C31938}.Release|Any CPU.ActiveCfg = Release|Any CPU
		{09161C51-681E-47EF-A406-1121C3C31938}.Release|Any CPU.Build.0 = Release|Any CPU
		{9D7543C8-6058-4983-9254-4F65C1114439}.Debug|Any CPU.ActiveCfg = Debug|Any CPU
		{9D7543C8-6058-4983-9254-4F65C1114439}.Debug|Any CPU.Build.0 = Debug|Any CPU
		{9D7543C8-6058-4983-9254-4F65C1114439}.Release|Any CPU.ActiveCfg = Release|Any CPU
		{9D7543C8-6058-4983-9254-4F65C1114439}.Release|Any CPU.Build.0 = Release|Any CPU
		{BEA677A7-1BAE-4C18-B36F-A5274B9ED87B}.Debug|Any CPU.ActiveCfg = Debug|Any CPU
		{BEA677A7-1BAE-4C18-B36F-A5274B9ED87B}.Debug|Any CPU.Build.0 = Debug|Any CPU
		{BEA677A7-1BAE-4C18-B36F-A5274B9ED87B}.Release|Any CPU.ActiveCfg = Release|Any CPU
		{BEA677A7-1BAE-4C18-B36F-A5274B9ED87B}.Release|Any CPU.Build.0 = Release|Any CPU
		{61B4207C-AD9D-49D5-B77D-032C1563D2DB}.Debug|Any CPU.ActiveCfg = Debug|Any CPU
		{61B4207C-AD9D-49D5-B77D-032C1563D2DB}.Debug|Any CPU.Build.0 = Debug|Any CPU
		{61B4207C-AD9D-49D5-B77D-032C1563D2DB}.Release|Any CPU.ActiveCfg = Release|Any CPU
		{61B4207C-AD9D-49D5-B77D-032C1563D2DB}.Release|Any CPU.Build.0 = Release|Any CPU
		{C76E89CE-7A98-4628-AC71-69A3733143A1}.Debug|Any CPU.ActiveCfg = Debug|Any CPU
		{C76E89CE-7A98-4628-AC71-69A3733143A1}.Debug|Any CPU.Build.0 = Debug|Any CPU
		{C76E89CE-7A98-4628-AC71-69A3733143A1}.Release|Any CPU.ActiveCfg = Release|Any CPU
		{C76E89CE-7A98-4628-AC71-69A3733143A1}.Release|Any CPU.Build.0 = Release|Any CPU
		{D33F823A-2B66-472C-92F0-06B1C8115B45}.Debug|Any CPU.ActiveCfg = Debug|Any CPU
		{D33F823A-2B66-472C-92F0-06B1C8115B45}.Debug|Any CPU.Build.0 = Debug|Any CPU
		{D33F823A-2B66-472C-92F0-06B1C8115B45}.Release|Any CPU.ActiveCfg = Release|Any CPU
		{D33F823A-2B66-472C-92F0-06B1C8115B45}.Release|Any CPU.Build.0 = Release|Any CPU
	EndGlobalSection
	GlobalSection(SolutionProperties) = preSolution
		HideSolutionNode = FALSE
	EndGlobalSection
	GlobalSection(ExtensibilityGlobals) = postSolution
		SolutionGuid = {052E577A-E76C-44E9-AC1F-13CC589C9CD8}
	EndGlobalSection
EndGlobal
